
Microsoft Visual Studio Solution File, Format Version 12.00
# Visual Studio Version 17
VisualStudioVersion = 17.11.35219.272
MinimumVisualStudioVersion = 10.0.40219.1
Project("{FAE04EC0-301F-11D3-BF4B-00C04F79EFBC}") = "PIC", "PIC\PIC.csproj", "{DE32CA8C-B808-4F07-9FE5-0BF17127813F}"
EndProject
Global
	GlobalSection(SolutionConfigurationPlatforms) = preSolution
		Debug|Any CPU = Debug|Any CPU
		Release|Any CPU = Release|Any CPU
	EndGlobalSection
	GlobalSection(ProjectConfigurationPlatforms) = postSolution
		{DE32CA8C-B808-4F07-9FE5-0BF17127813F}.Debug|Any CPU.ActiveCfg = Debug|Any CPU
		{DE32CA8C-B808-4F07-9FE5-0BF17127813F}.Debug|Any CPU.Build.0 = Debug|Any CPU
		{DE32CA8C-B808-4F07-9FE5-0BF17127813F}.Release|Any CPU.ActiveCfg = Release|Any CPU
		{DE32CA8C-B808-4F07-9FE5-0BF17127813F}.Release|Any CPU.Build.0 = Release|Any CPU
	EndGlobalSection
	GlobalSection(SolutionProperties) = preSolution
		HideSolutionNode = FALSE
	EndGlobalSection
	GlobalSection(ExtensibilityGlobals) = postSolution
		SolutionGuid = {F4C9123B-24B3-4DED-9225-681126855E72}
	EndGlobalSection
EndGlobal
